# THIS IS AN AUTOGENERATED FILE. DO NOT EDIT THIS FILE DIRECTLY.
# yarn lockfile v1


balanced-match@^1.0.0:
  version "1.0.0"
  resolved "https://registry.yarnpkg.com/balanced-match/-/balanced-match-1.0.0.tgz#89b4d199ab2bee49de164ea02b89ce462d71b767"

brace-expansion@^1.1.7:
  version "1.1.8"
  resolved "https://registry.yarnpkg.com/brace-expansion/-/brace-expansion-1.1.8.tgz#c07b211c7c952ec1f8efd51a77ef0d1d3990a292"
  dependencies:
    balanced-match "^1.0.0"
    concat-map "0.0.1"

browser-id3-writer@^3.0.3:
  version "3.0.3"
  resolved "https://registry.yarnpkg.com/browser-id3-writer/-/browser-id3-writer-3.0.3.tgz#a0adfd4417bfb997b551cc1cffb53755aed82259"

builtin-modules@^1.0.0, builtin-modules@^1.1.1:
  version "1.1.1"
  resolved "https://registry.yarnpkg.com/builtin-modules/-/builtin-modules-1.1.1.tgz#270f076c5a72c02f5b65a47df94c5fe3a278892f"

concat-map@0.0.1:
  version "0.0.1"
  resolved "https://registry.yarnpkg.com/concat-map/-/concat-map-0.0.1.tgz#d8a96bd77fd68df7793a73036a3ba0d5405d477b"

contains-path@^0.1.0:
  version "0.1.0"
  resolved "https://registry.yarnpkg.com/contains-path/-/contains-path-0.1.0.tgz#fe8cf184ff6670b6baef01a9d4861a5cbec4120a"

debug@^2.6.8, debug@^2.6.9:
  version "2.6.9"
  resolved "https://registry.yarnpkg.com/debug/-/debug-2.6.9.tgz#5d128515df134ff327e90a4c93f4e077a536341f"
  dependencies:
    ms "2.0.0"

deep-equal@0.2.1:
  version "0.2.1"
  resolved "https://registry.yarnpkg.com/deep-equal/-/deep-equal-0.2.1.tgz#fad7a793224cbf0c3c7786f92ef780e4fc8cc878"

doctrine@1.5.0:
  version "1.5.0"
  resolved "https://registry.yarnpkg.com/doctrine/-/doctrine-1.5.0.tgz#379dce730f6166f76cefa4e6707a159b02c5a6fa"
  dependencies:
    esutils "^2.0.2"
    isarray "^1.0.0"

error-ex@^1.2.0:
  version "1.3.1"
  resolved "https://registry.yarnpkg.com/error-ex/-/error-ex-1.3.1.tgz#f855a86ce61adc4e8621c3cda21e7a7612c3a8dc"
  dependencies:
    is-arrayish "^0.2.1"

eslint-config-airbnb-base@^12.1.0:
  version "12.1.0"
  resolved "https://registry.yarnpkg.com/eslint-config-airbnb-base/-/eslint-config-airbnb-base-12.1.0.tgz#386441e54a12ccd957b0a92564a4bafebd747944"
  dependencies:
    eslint-restricted-globals "^0.1.1"

eslint-import-resolver-node@^0.3.1:
  version "0.3.2"
  resolved "https://registry.yarnpkg.com/eslint-import-resolver-node/-/eslint-import-resolver-node-0.3.2.tgz#58f15fb839b8d0576ca980413476aab2472db66a"
  dependencies:
    debug "^2.6.9"
    resolve "^1.5.0"

eslint-module-utils@^2.1.1:
  version "2.1.1"
  resolved "https://registry.yarnpkg.com/eslint-module-utils/-/eslint-module-utils-2.1.1.tgz#abaec824177613b8a95b299639e1b6facf473449"
  dependencies:
    debug "^2.6.8"
    pkg-dir "^1.0.0"

eslint-plugin-import@^2.8.0:
  version "2.8.0"
  resolved "https://registry.yarnpkg.com/eslint-plugin-import/-/eslint-plugin-import-2.8.0.tgz#fa1b6ef31fcb3c501c09859c1b86f1fc5b986894"
  dependencies:
    builtin-modules "^1.1.1"
    contains-path "^0.1.0"
    debug "^2.6.8"
    doctrine "1.5.0"
    eslint-import-resolver-node "^0.3.1"
    eslint-module-utils "^2.1.1"
    has "^1.0.1"
    lodash.cond "^4.3.0"
    minimatch "^3.0.3"
    read-pkg-up "^2.0.0"

eslint-restricted-globals@^0.1.1:
  version "0.1.1"
  resolved "https://registry.yarnpkg.com/eslint-restricted-globals/-/eslint-restricted-globals-0.1.1.tgz#35f0d5cbc64c2e3ed62e93b4b1a7af05ba7ed4d7"

esutils@^2.0.2:
  version "2.0.2"
  resolved "https://registry.yarnpkg.com/esutils/-/esutils-2.0.2.tgz#0abf4f1caa5bcb1f7a9d8acc6dea4faaa04bac9b"

exit@^0.1.2:
  version "0.1.2"
  resolved "https://registry.yarnpkg.com/exit/-/exit-0.1.2.tgz#0632638f8d877cc82107d30a0fff1a17cba1cd0c"

filereader-stream@^0.2.0:
  version "0.2.0"
  resolved "https://registry.yarnpkg.com/filereader-stream/-/filereader-stream-0.2.0.tgz#16374a202715b640b666ecffd07089938e9ff11f"
  dependencies:
    inherits "1.0.0"

find-up@^1.0.0:
  version "1.1.2"
  resolved "https://registry.yarnpkg.com/find-up/-/find-up-1.1.2.tgz#6b2e9822b1a2ce0a60ab64d610eccad53cb24d0f"
  dependencies:
    path-exists "^2.0.0"
    pinkie-promise "^2.0.0"

find-up@^2.0.0:
  version "2.1.0"
  resolved "https://registry.yarnpkg.com/find-up/-/find-up-2.1.0.tgz#45d1b7e506c717ddd482775a2b77920a3c0c57a7"
  dependencies:
    locate-path "^2.0.0"

fs.realpath@^1.0.0:
  version "1.0.0"
  resolved "https://registry.yarnpkg.com/fs.realpath/-/fs.realpath-1.0.0.tgz#1504ad2523158caa40db4a2787cb01411994ea4f"

function-bind@^1.0.2:
  version "1.1.1"
  resolved "https://registry.yarnpkg.com/function-bind/-/function-bind-1.1.1.tgz#a56899d3ea3c9bab874bb9773b7c5ede92f4895d"

glob@^7.0.6:
  version "7.1.2"
  resolved "https://registry.yarnpkg.com/glob/-/glob-7.1.2.tgz#c19c9df9a028702d678612384a6552404c636d15"
  dependencies:
    fs.realpath "^1.0.0"
    inflight "^1.0.4"
    inherits "2"
    minimatch "^3.0.4"
    once "^1.3.0"
    path-is-absolute "^1.0.0"

graceful-fs@^4.1.2:
  version "4.1.11"
  resolved "https://registry.yarnpkg.com/graceful-fs/-/graceful-fs-4.1.11.tgz#0e8bdfe4d1ddb8854d64e04ea7c00e2a026e5658"

has@^1.0.1:
  version "1.0.1"
  resolved "https://registry.yarnpkg.com/has/-/has-1.0.1.tgz#8461733f538b0837c9361e39a9ab9e9704dc2f28"
  dependencies:
    function-bind "^1.0.2"

hosted-git-info@^2.1.4:
  version "2.5.0"
  resolved "https://registry.yarnpkg.com/hosted-git-info/-/hosted-git-info-2.5.0.tgz#6d60e34b3abbc8313062c3b798ef8d901a07af3c"

inflight@^1.0.4:
  version "1.0.6"
  resolved "https://registry.yarnpkg.com/inflight/-/inflight-1.0.6.tgz#49bd6331d7d02d0c09bc910a1075ba8165b56df9"
  dependencies:
    once "^1.3.0"
    wrappy "1"

inherits@1.0.0:
  version "1.0.0"
  resolved "https://registry.yarnpkg.com/inherits/-/inherits-1.0.0.tgz#38e1975285bf1f7ba9c84da102bb12771322ac48"

inherits@2:
  version "2.0.3"
  resolved "https://registry.yarnpkg.com/inherits/-/inherits-2.0.3.tgz#633c2c83e3da42a502f52466022480f4208261de"

is-arrayish@^0.2.1:
  version "0.2.1"
  resolved "https://registry.yarnpkg.com/is-arrayish/-/is-arrayish-0.2.1.tgz#77c99840527aa8ecb1a8ba697b80645a7a926a9d"

is-builtin-module@^1.0.0:
  version "1.0.0"
  resolved "https://registry.yarnpkg.com/is-builtin-module/-/is-builtin-module-1.0.0.tgz#540572d34f7ac3119f8f76c30cbc1b1e037affbe"
  dependencies:
    builtin-modules "^1.0.0"

is-stream@^1.1.0:
  version "1.1.0"
  resolved "https://registry.yarnpkg.com/is-stream/-/is-stream-1.1.0.tgz#12d4a3dd4e68e0b79ceb8dbc84173ae80d91ca44"

isarray@^1.0.0:
  version "1.0.0"
  resolved "https://registry.yarnpkg.com/isarray/-/isarray-1.0.0.tgz#bb935d48582cba168c06834957a54a3e07124f11"

jasmine-core@~2.9.0:
  version "2.9.1"
  resolved "https://registry.yarnpkg.com/jasmine-core/-/jasmine-core-2.9.1.tgz#b6bbc1d8e65250d56f5888461705ebeeeb88f22f"

jasmine@^2.9.0:
  version "2.9.0"
  resolved "https://registry.yarnpkg.com/jasmine/-/jasmine-2.9.0.tgz#76571f925c8783409e7c6153572e5a6341cf93eb"
  dependencies:
    exit "^0.1.2"
    glob "^7.0.6"
    jasmine-core "~2.9.0"

load-json-file@^2.0.0:
  version "2.0.0"
  resolved "https://registry.yarnpkg.com/load-json-file/-/load-json-file-2.0.0.tgz#7947e42149af80d696cbf797bcaabcfe1fe29ca8"
  dependencies:
    graceful-fs "^4.1.2"
    parse-json "^2.2.0"
    pify "^2.0.0"
    strip-bom "^3.0.0"

locate-path@^2.0.0:
  version "2.0.0"
  resolved "https://registry.yarnpkg.com/locate-path/-/locate-path-2.0.0.tgz#2b568b265eec944c6d9c0de9c3dbbbca0354cd8e"
  dependencies:
    p-locate "^2.0.0"
    path-exists "^3.0.0"

lodash.cond@^4.3.0:
  version "4.5.2"
  resolved "https://registry.yarnpkg.com/lodash.cond/-/lodash.cond-4.5.2.tgz#f471a1da486be60f6ab955d17115523dd1d255d5"

minimatch@^3.0.3, minimatch@^3.0.4:
  version "3.0.4"
  resolved "https://registry.yarnpkg.com/minimatch/-/minimatch-3.0.4.tgz#5166e286457f03306064be5497e8dbb0c3d32083"
  dependencies:
    brace-expansion "^1.1.7"

ms@2.0.0:
  version "2.0.0"
  resolved "https://registry.yarnpkg.com/ms/-/ms-2.0.0.tgz#5608aeadfc00be6c2901df5f9861788de0d597c8"

musicmetadata@^2.0.5:
  version "2.0.5"
  resolved "https://registry.yarnpkg.com/musicmetadata/-/musicmetadata-2.0.5.tgz#7ae910d99fbaee05f2bd543aef10b6fbe1f37bd4"
  dependencies:
    deep-equal "0.2.1"
    filereader-stream "^0.2.0"
    is-stream "^1.1.0"
    strtok2 "~1.0.0"
    through "~2.3.4"

normalize-package-data@^2.3.2:
  version "2.4.0"
  resolved "https://registry.yarnpkg.com/normalize-package-data/-/normalize-package-data-2.4.0.tgz#12f95a307d58352075a04907b84ac8be98ac012f"
  dependencies:
    hosted-git-info "^2.1.4"
    is-builtin-module "^1.0.0"
    semver "2 || 3 || 4 || 5"
    validate-npm-package-license "^3.0.1"

once@^1.3.0:
  version "1.4.0"
  resolved "https://registry.yarnpkg.com/once/-/once-1.4.0.tgz#583b1aa775961d4b113ac17d9c50baef9dd76bd1"
  dependencies:
    wrappy "1"

p-limit@^1.1.0:
  version "1.2.0"
  resolved "https://registry.yarnpkg.com/p-limit/-/p-limit-1.2.0.tgz#0e92b6bedcb59f022c13d0f1949dc82d15909f1c"
  dependencies:
    p-try "^1.0.0"

p-locate@^2.0.0:
  version "2.0.0"
  resolved "https://registry.yarnpkg.com/p-locate/-/p-locate-2.0.0.tgz#20a0103b222a70c8fd39cc2e580680f3dde5ec43"
  dependencies:
    p-limit "^1.1.0"

p-try@^1.0.0:
  version "1.0.0"
  resolved "https://registry.yarnpkg.com/p-try/-/p-try-1.0.0.tgz#cbc79cdbaf8fd4228e13f621f2b1a237c1b207b3"

parse-json@^2.2.0:
  version "2.2.0"
  resolved "https://registry.yarnpkg.com/parse-json/-/parse-json-2.2.0.tgz#f480f40434ef80741f8469099f8dea18f55a4dc9"
  dependencies:
    error-ex "^1.2.0"

path-exists@^2.0.0:
  version "2.1.0"
  resolved "https://registry.yarnpkg.com/path-exists/-/path-exists-2.1.0.tgz#0feb6c64f0fc518d9a754dd5efb62c7022761f4b"
  dependencies:
    pinkie-promise "^2.0.0"

path-exists@^3.0.0:
  version "3.0.0"
  resolved "https://registry.yarnpkg.com/path-exists/-/path-exists-3.0.0.tgz#ce0ebeaa5f78cb18925ea7d810d7b59b010fd515"

path-is-absolute@^1.0.0:
  version "1.0.1"
  resolved "https://registry.yarnpkg.com/path-is-absolute/-/path-is-absolute-1.0.1.tgz#174b9268735534ffbc7ace6bf53a5a9e1b5c5f5f"

path-parse@^1.0.5:
  version "1.0.5"
  resolved "https://registry.yarnpkg.com/path-parse/-/path-parse-1.0.5.tgz#3c1adf871ea9cd6c9431b6ea2bd74a0ff055c4c1"

path-type@^2.0.0:
  version "2.0.0"
  resolved "https://registry.yarnpkg.com/path-type/-/path-type-2.0.0.tgz#f012ccb8415b7096fc2daa1054c3d72389594c73"
  dependencies:
    pify "^2.0.0"

pify@^2.0.0:
  version "2.3.0"
  resolved "https://registry.yarnpkg.com/pify/-/pify-2.3.0.tgz#ed141a6ac043a849ea588498e7dca8b15330e90c"

pinkie-promise@^2.0.0:
  version "2.0.1"
  resolved "https://registry.yarnpkg.com/pinkie-promise/-/pinkie-promise-2.0.1.tgz#2135d6dfa7a358c069ac9b178776288228450ffa"
  dependencies:
    pinkie "^2.0.0"

pinkie@^2.0.0:
  version "2.0.4"
  resolved "https://registry.yarnpkg.com/pinkie/-/pinkie-2.0.4.tgz#72556b80cfa0d48a974e80e77248e80ed4f7f870"

pkg-dir@^1.0.0:
  version "1.0.0"
  resolved "https://registry.yarnpkg.com/pkg-dir/-/pkg-dir-1.0.0.tgz#7a4b508a8d5bb2d629d447056ff4e9c9314cf3d4"
  dependencies:
    find-up "^1.0.0"

read-pkg-up@^2.0.0:
  version "2.0.0"
  resolved "https://registry.yarnpkg.com/read-pkg-up/-/read-pkg-up-2.0.0.tgz#6b72a8048984e0c41e79510fd5e9fa99b3b549be"
  dependencies:
    find-up "^2.0.0"
    read-pkg "^2.0.0"

read-pkg@^2.0.0:
  version "2.0.0"
  resolved "https://registry.yarnpkg.com/read-pkg/-/read-pkg-2.0.0.tgz#8ef1c0623c6a6db0dc6713c4bfac46332b2368f8"
  dependencies:
    load-json-file "^2.0.0"
    normalize-package-data "^2.3.2"
    path-type "^2.0.0"

remove-id3v1@^1.1.0:
  version "1.1.0"
  resolved "https://registry.yarnpkg.com/remove-id3v1/-/remove-id3v1-1.1.0.tgz#b9630c3a6e691e8a007ef56b6cad856790ec174e"

resolve@^1.5.0:
  version "1.5.0"
  resolved "https://registry.yarnpkg.com/resolve/-/resolve-1.5.0.tgz#1f09acce796c9a762579f31b2c1cc4c3cddf9f36"
  dependencies:
    path-parse "^1.0.5"

"semver@2 || 3 || 4 || 5":
  version "5.5.0"
  resolved "https://registry.yarnpkg.com/semver/-/semver-5.5.0.tgz#dc4bbc7a6ca9d916dee5d43516f0092b58f7b8ab"

spdx-correct@~1.0.0:
  version "1.0.2"
  resolved "https://registry.yarnpkg.com/spdx-correct/-/spdx-correct-1.0.2.tgz#4b3073d933ff51f3912f03ac5519498a4150db40"
  dependencies:
    spdx-license-ids "^1.0.2"

spdx-expression-parse@~1.0.0:
  version "1.0.4"
  resolved "https://registry.yarnpkg.com/spdx-expression-parse/-/spdx-expression-parse-1.0.4.tgz#9bdf2f20e1f40ed447fbe273266191fced51626c"

spdx-license-ids@^1.0.2:
  version "1.2.2"
  resolved "https://registry.yarnpkg.com/spdx-license-ids/-/spdx-license-ids-1.2.2.tgz#c9df7a3424594ade6bd11900d596696dc06bac57"

strip-bom@^3.0.0:
  version "3.0.0"
  resolved "https://registry.yarnpkg.com/strip-bom/-/strip-bom-3.0.0.tgz#2334c18e9c759f7bdd56fdef7e9ae3d588e68ed3"

strtok2@~1.0.0:
  version "1.0.4"
  resolved "https://registry.yarnpkg.com/strtok2/-/strtok2-1.0.4.tgz#df9ffb2e70a3336b4660e267ef0547e610275fc1"

through@~2.3.4:
  version "2.3.8"
  resolved "https://registry.yarnpkg.com/through/-/through-2.3.8.tgz#0dd4c9ffaabc357960b1b724115d7e0e86a2e1f5"

validate-npm-package-license@^3.0.1:
  version "3.0.1"
  resolved "https://registry.yarnpkg.com/validate-npm-package-license/-/validate-npm-package-license-3.0.1.tgz#2804babe712ad3379459acfbe24746ab2c303fbc"
  dependencies:
    spdx-correct "~1.0.0"
    spdx-expression-parse "~1.0.0"

wrappy@1:
  version "1.0.2"
  resolved "https://registry.yarnpkg.com/wrappy/-/wrappy-1.0.2.tgz#b5243d8f3ec1aa35f1364605bc0d1036e30ab69f"
